// !$*UTF8*$!
{
	archiveVersion = 1;
	classes = {};
	objectVersion = 77;
	objects = {

/* Begin PBXBuildFile section */
		AF0000000000000000000001 = {isa = PBXBuildFile; fileRef = AF0000000000000000000003; };
		AF0000000000000000000002 = {isa = PBXBuildFile; fileRef = AF0000000000000000000004; };
		AE0000000000000000000001 = {
			isa = PBXBuildFile;
			fileRef = AE0000000000000000000002;
		};
		AA0000000000000000000001 = {
			isa = PBXBuildFile;
			productRef = AA0000000000000000000011;
		};
		AA0000000000000000000002 = {
			isa = PBXBuildFile;
			productRef = AA0000000000000000000012;
		};
		4F6BAEAB2E441749000D192D = {
			isa = PBXBuildFile;
			fileRef = 4F6BAE912E441749000D192D;
			settings = {
				ATTRIBUTES = (RemoveHeadersOnCopy, );
			};
		};
		AB0000000000000000000001 = {
			isa = PBXBuildFile;
			productRef = AB0000000000000000000002;
		};
		AC0000000000000000000026 = {
			isa = PBXBuildFile;
			productRef = AC0000000000000000000027;
		};
/* End PBXBuildFile section */

/* Begin PBXContainerItemProxy section */
		4F6BAE7B2E44171F000D192D = {
			isa = PBXContainerItemProxy;
			containerPortal = 4F6BAE5A2E44171E000D192D;
			remoteGlobalIDString = 4F6BAE612E44171E000D192D;
			remoteInfo = Transorma;
			proxyType = 1;
		};
		4F6BAEA92E441749000D192D = {
			isa = PBXContainerItemProxy;
			containerPortal = 4F6BAE5A2E44171E000D192D;
			remoteGlobalIDString = 4F6BAE902E441749000D192D;
			remoteInfo = TransormaMailExtension;
			proxyType = 1;
		};
/* End PBXContainerItemProxy section */

/* Begin PBXCopyFilesBuildPhase section */
		4F6BAEB02E441749000D192D = {
			buildActionMask = 2147483647;
			dstSubfolderSpec = 13;
			isa = PBXCopyFilesBuildPhase;
			runOnlyForDeploymentPostprocessing = 0;
			dstPath = "";
			files = (4F6BAEAB2E441749000D192D, );
			name = "Embed Foundation Extensions";
		};
/* End PBXCopyFilesBuildPhase section */

/* Begin PBXFileReference section */
		AF0000000000000000000003 = {isa = PBXFileReference; lastKnownFileType = sourcecode.swift; path = TransormaMailExtension/MailExtension.swift; sourceTree = SOURCE_ROOT; };
		AF0000000000000000000004 = {isa = PBXFileReference; lastKnownFileType = sourcecode.swift; path = TransormaMailExtension/MessageActionHandler.swift; sourceTree = SOURCE_ROOT; };
		AE0000000000000000000002 = {
			isa = PBXFileReference;
			lastKnownFileType = folder.icon;
			name = "Shared App Icon";
			path = App/Resources/AppIcon.icon;
			sourceTree = SOURCE_ROOT;
		};
		4F6BAE622E44171E000D192D = {
			path = Transorma.app;
			isa = PBXFileReference;
			includeInIndex = 0;
			explicitFileType = wrapper.application;
			sourceTree = BUILT_PRODUCTS_DIR;
		};
		4F6BAE912E441749000D192D = {
			path = TransormaMailExtension.appex;
			isa = PBXFileReference;
			includeInIndex = 0;
			explicitFileType = "wrapper.app-extension";
			sourceTree = BUILT_PRODUCTS_DIR;
		};
		4F6BAE7A2E44171F000D192D = {
			path = AppUITests.xctest;
			isa = PBXFileReference;
			includeInIndex = 0;
			explicitFileType = wrapper.cfbundle;
			sourceTree = BUILT_PRODUCTS_DIR;
		};
		AB0000000000000000000003 = {
			path = TransormaCoreTests.xctest;
			isa = PBXFileReference;
			includeInIndex = 0;
			explicitFileType = wrapper.cfbundle;
			sourceTree = BUILT_PRODUCTS_DIR;
		};
		AC0000000000000000000011 = {
			isa = PBXFileReference;
			lastKnownFileType = text.xcconfig;
			path = Development.xcconfig;
			sourceTree = "<group>";
		};
		AC0000000000000000000012 = {
			isa = PBXFileReference;
			lastKnownFileType = text.xcconfig;
			path = Debug.xcconfig;
			sourceTree = "<group>";
		};
		AC0000000000000000000013 = {
			isa = PBXFileReference;
			lastKnownFileType = text.xcconfig;
			path = Release.xcconfig;
			sourceTree = "<group>";
		};
		AC0000000000000000000014 = {
			isa = PBXFileReference;
			lastKnownFileType = text.xcconfig;
			path = Shared.xcconfig;
			sourceTree = "<group>";
		};
		AC0000000000000000000022 = {
			isa = PBXFileReference;
			explicitFileType = wrapper.cfbundle;
			includeInIndex = 0;
			path = AppModelTests.xctest;
			sourceTree = BUILT_PRODUCTS_DIR;
		};
/* End PBXFileReference section */

/* Begin PBXFileSystemSynchronizedBuildFileExceptionSet section */
		4F6BAEAC2E441749000D192D = {
			isa = PBXFileSystemSynchronizedBuildFileExceptionSet;
			membershipExceptions = (Resources/Info.plist, );
			target = 4F6BAE902E441749000D192D;
		};
/* End PBXFileSystemSynchronizedBuildFileExceptionSet section */

/* Begin PBXFileSystemSynchronizedRootGroup section */
		4F6BAE922E441749000D192D = {
			path = TransormaMailExtension;
			isa = PBXFileSystemSynchronizedRootGroup;
			exceptions = (4F6BAEAC2E441749000D192D, );
			sourceTree = "<group>";
		};
		4F6BAE7D2E44171F000D192D = {
			isa = PBXFileSystemSynchronizedRootGroup;
			path = Tests/AppUITests;
			sourceTree = "<group>";
		};
		4F6BAE642E44171E000D192D = {
			isa = PBXFileSystemSynchronizedRootGroup;
			path = App;
			sourceTree = "<group>";
		};
		AB0000000000000000000004 = {
			isa = PBXFileSystemSynchronizedRootGroup;
			path = Tests/TransormaCoreTests;
			sourceTree = "<group>";
		};
		AC0000000000000000000021 = {
			isa = PBXFileSystemSynchronizedRootGroup;
			path = Tests/AppModelTests;
			sourceTree = "<group>";
		};
/* End PBXFileSystemSynchronizedRootGroup section */

/* Begin PBXFrameworksBuildPhase section */
		4F6BAE5F2E44171E000D192D = {
			isa = PBXFrameworksBuildPhase;
			buildActionMask = 2147483647;
			files = (AA0000000000000000000001, );
			runOnlyForDeploymentPostprocessing = 0;
		};
		4F6BAE8E2E441749000D192D = {
			isa = PBXFrameworksBuildPhase;
			buildActionMask = 2147483647;
			files = (AA0000000000000000000002, );
			runOnlyForDeploymentPostprocessing = 0;
		};
		4F6BAE772E44171F000D192D = {
			isa = PBXFrameworksBuildPhase;
			buildActionMask = 2147483647;
			files = ();
			runOnlyForDeploymentPostprocessing = 0;
		};
		AB0000000000000000000005 = {
			isa = PBXFrameworksBuildPhase;
			buildActionMask = 2147483647;
			files = (AB0000000000000000000001, );
			runOnlyForDeploymentPostprocessing = 0;
		};
		AC0000000000000000000024 = {
			isa = PBXFrameworksBuildPhase;
			buildActionMask = 2147483647;
			files = (AC0000000000000000000026, );
			runOnlyForDeploymentPostprocessing = 0;
		};
/* End PBXFrameworksBuildPhase section */

/* Begin PBXGroup section */
		4F6BAE592E44171E000D192D = {
			isa = PBXGroup;
			sourceTree = "<group>";
			children = (AE0000000000000000000002, 4F6BAE642E44171E000D192D, AB0000000000000000000004, 4F6BAE7D2E44171F000D192D, 4F6BAE922E441749000D192D, 4F6BAE632E44171E000D192D, AC0000000000000000000015, AC0000000000000000000021, );
		};
		4F6BAE632E44171E000D192D = {
			isa = PBXGroup;
			name = Products;
			children = (4F6BAE622E44171E000D192D, AB0000000000000000000003, 4F6BAE7A2E44171F000D192D, 4F6BAE912E441749000D192D, AC0000000000000000000022, );
			sourceTree = "<group>";
		};
		AC0000000000000000000015 = {
			isa = PBXGroup;
			children = (AC0000000000000000000014, AC0000000000000000000011, AC0000000000000000000012, AC0000000000000000000013, );
			path = Config;
			sourceTree = "<group>";
		};
/* End PBXGroup section */

/* Begin PBXNativeTarget section */
		AB0000000000000000000006 = {
			dependencies = ();
			buildConfigurationList = AB0000000000000000000007;
			productReference = AB0000000000000000000003;
			productType = "com.apple.product-type.bundle.unit-test";
			packageProductDependencies = (AB0000000000000000000002, );
			productName = TransormaCoreTests;
			isa = PBXNativeTarget;
			fileSystemSynchronizedGroups = (AB0000000000000000000004, );
			buildPhases = (AB0000000000000000000008, AB0000000000000000000005, );
			name = TransormaCoreTests;
			buildRules = ();
		};
		4F6BAE792E44171F000D192D = {
			dependencies = (4F6BAE7C2E44171F000D192D, );
			buildConfigurationList = 4F6BAE8A2E44171F000D192D;
			productReference = 4F6BAE7A2E44171F000D192D;
			productType = "com.apple.product-type.bundle.ui-testing";
			packageProductDependencies = ();
			productName = AppUITests;
			isa = PBXNativeTarget;
			fileSystemSynchronizedGroups = (4F6BAE7D2E44171F000D192D, );
			buildPhases = (4F6BAE762E44171F000D192D, 4F6BAE772E44171F000D192D, 4F6BAE782E44171F000D192D, );
			name = AppUITests;
			buildRules = ();
		};
		4F6BAE612E44171E000D192D = {
			dependencies = (4F6BAEAA2E441749000D192D, );
			buildConfigurationList = 4F6BAE842E44171F000D192D;
			productReference = 4F6BAE622E44171E000D192D;
			productType = "com.apple.product-type.application";
			packageProductDependencies = (AA0000000000000000000011, );
			productName = Transorma;
			isa = PBXNativeTarget;
			fileSystemSynchronizedGroups = (4F6BAE642E44171E000D192D, );
			buildPhases = (4F6BAE5E2E44171E000D192D, 4F6BAE5F2E44171E000D192D, 4F6BAE602E44171E000D192D, 4F6BAEB02E441749000D192D, );
			name = Transorma;
			buildRules = ();
		};
		4F6BAE902E441749000D192D = {
			dependencies = ();
			buildConfigurationList = 4F6BAEAD2E441749000D192D;
			productReference = 4F6BAE912E441749000D192D;
			productType = "com.apple.product-type.app-extension";
			packageProductDependencies = (AA0000000000000000000012, );
			productName = TransormaMailExtension;
			isa = PBXNativeTarget;
			fileSystemSynchronizedGroups = (4F6BAE922E441749000D192D, );
			buildPhases = (4F6BAE8D2E441749000D192D, 4F6BAE8E2E441749000D192D, 4F6BAE8F2E441749000D192D, );
			name = TransormaMailExtension;
			buildRules = ();
		};
		AC0000000000000000000001 = {
			isa = PBXNativeTarget;
			buildConfigurationList = AC0000000000000000000025;
			buildPhases = (AC0000000000000000000023, AC0000000000000000000024, );
			buildRules = ();
			dependencies = (4F6BAE7C2E44171F000D192D, );
			fileSystemSynchronizedGroups = (AC0000000000000000000021, );
			name = AppModelTests;
			packageProductDependencies = (AC0000000000000000000027, );
			productName = AppModelTests;
			productReference = AC0000000000000000000022;
			productType = "com.apple.product-type.bundle.unit-test";
		};
/* End PBXNativeTarget section */

/* Begin PBXProject section */
		4F6BAE5A2E44171E000D192D = {
			buildConfigurationList = 4F6BAE5D2E44171E000D192D;
			packageReferences = (AA0000000000000000000021, );
			targets = (4F6BAE612E44171E000D192D, 4F6BAE902E441749000D192D, AB0000000000000000000006, AC0000000000000000000001, 4F6BAE792E44171F000D192D, );
			minimizedProjectReferenceProxies = 1;
			developmentRegion = en;
			knownRegions = (en, Base, );
			isa = PBXProject;
			productRefGroup = 4F6BAE632E44171E000D192D;
			projectDirPath = "";
			attributes = {
				LastSwiftUpdateCheck = 1640;
				BuildIndependentTargetsInParallel = 1;
				LastUpgradeCheck = 1640;
				TargetAttributes = {
					4F6BAE792E44171F000D192D = {
						TestTargetID = 4F6BAE612E44171E000D192D;
						CreatedOnToolsVersion = 16.4;
					};
					4F6BAE612E44171E000D192D = {
						CreatedOnToolsVersion = 16.4;
					};
					4F6BAE902E441749000D192D = {
						CreatedOnToolsVersion = 16.4;
					};
					AC0000000000000000000001 = {
						CreatedOnToolsVersion = 27.0;
						TestTargetID = 4F6BAE612E44171E000D192D;
					};
				};
			};
			hasScannedForEncodings = 0;
			preferredProjectObjectVersion = 77;
			mainGroup = 4F6BAE592E44171E000D192D;
			projectRoot = "";
		};
/* End PBXProject section */

/* Begin PBXResourcesBuildPhase section */
		4F6BAE782E44171F000D192D = {
			isa = PBXResourcesBuildPhase;
			buildActionMask = 2147483647;
			files = ();
			runOnlyForDeploymentPostprocessing = 0;
		};
		4F6BAE8F2E441749000D192D = {
			isa = PBXResourcesBuildPhase;
			buildActionMask = 2147483647;
			files = (AE0000000000000000000001, );
			runOnlyForDeploymentPostprocessing = 0;
		};
		4F6BAE602E44171E000D192D = {
			isa = PBXResourcesBuildPhase;
			buildActionMask = 2147483647;
			files = ();
			runOnlyForDeploymentPostprocessing = 0;
		};
/* End PBXResourcesBuildPhase section */

/* Begin PBXSourcesBuildPhase section */
		AB0000000000000000000008 = {
			isa = PBXSourcesBuildPhase;
			buildActionMask = 2147483647;
			files = ();
			runOnlyForDeploymentPostprocessing = 0;
		};
		4F6BAE762E44171F000D192D = {
			isa = PBXSourcesBuildPhase;
			buildActionMask = 2147483647;
			files = ();
			runOnlyForDeploymentPostprocessing = 0;
		};
		4F6BAE5E2E44171E000D192D = {
			isa = PBXSourcesBuildPhase;
			buildActionMask = 2147483647;
			files = ();
			runOnlyForDeploymentPostprocessing = 0;
		};
		4F6BAE8D2E441749000D192D = {
			isa = PBXSourcesBuildPhase;
			buildActionMask = 2147483647;
			files = ();
			runOnlyForDeploymentPostprocessing = 0;
		};
		AC0000000000000000000023 = {
			isa = PBXSourcesBuildPhase;
			buildActionMask = 2147483647;
			files = (AF0000000000000000000001, AF0000000000000000000002, );
			runOnlyForDeploymentPostprocessing = 0;
		};
/* End PBXSourcesBuildPhase section */

/* Begin PBXTargetDependency section */
		4F6BAEAA2E441749000D192D = {
			isa = PBXTargetDependency;
			target = 4F6BAE902E441749000D192D;
			targetProxy = 4F6BAEA92E441749000D192D;
		};
		4F6BAE7C2E44171F000D192D = {
			isa = PBXTargetDependency;
			target = 4F6BAE612E44171E000D192D;
			targetProxy = 4F6BAE7B2E44171F000D192D;
		};
/* End PBXTargetDependency section */

/* Begin XCBuildConfiguration section */
		AD0000000000000000000000 = {
			isa = XCBuildConfiguration;
			buildSettings = {
			};
			name = Development;
			baseConfigurationReference = AC0000000000000000000011;
		};
		AD0000000000000000000001 = {
			isa = XCBuildConfiguration;
			buildSettings = {
			};
			name = Debug;
			baseConfigurationReference = AC0000000000000000000012;
		};
		AD0000000000000000000002 = {
			isa = XCBuildConfiguration;
			buildSettings = {
			};
			name = Release;
			baseConfigurationReference = AC0000000000000000000013;
		};
		AD0000000000000000000100 = {
			isa = XCBuildConfiguration;
			buildSettings = {
				ASSETCATALOG_COMPILER_APPICON_NAME = AppIcon;
				ASSETCATALOG_COMPILER_GLOBAL_ACCENT_COLOR_NAME = AccentColor;
				TRANSORMA_ENTITLEMENTS = App/Resources/Transorma.entitlements;
				ENABLE_HARDENED_RUNTIME = YES;
				ENABLE_APP_SANDBOX = YES;
				ENABLE_OUTGOING_NETWORK_CONNECTIONS = YES;
				ENABLE_PREVIEWS = YES;
				INFOPLIST_KEY_CFBundleDisplayName = Transorma;
				INFOPLIST_KEY_LSApplicationCategoryType = "public.app-category.productivity";
				LD_RUNPATH_SEARCH_PATHS = ("$(inherited)", "@executable_path/../Frameworks", );
				PRODUCT_BUNDLE_IDENTIFIER = me.tylercross.transorma;
				PRODUCT_NAME = "$(TARGET_NAME)";
				SWIFT_EMIT_LOC_STRINGS = YES;
			};
			name = Development;
		};
		AD0000000000000000000101 = {
			isa = XCBuildConfiguration;
			buildSettings = {
				ASSETCATALOG_COMPILER_APPICON_NAME = AppIcon;
				ASSETCATALOG_COMPILER_GLOBAL_ACCENT_COLOR_NAME = AccentColor;
				TRANSORMA_ENTITLEMENTS = App/Resources/Transorma.entitlements;
				ENABLE_HARDENED_RUNTIME = YES;
				ENABLE_APP_SANDBOX = YES;
				ENABLE_OUTGOING_NETWORK_CONNECTIONS = YES;
				ENABLE_PREVIEWS = YES;
				INFOPLIST_KEY_CFBundleDisplayName = Transorma;
				INFOPLIST_KEY_LSApplicationCategoryType = "public.app-category.productivity";
				LD_RUNPATH_SEARCH_PATHS = ("$(inherited)", "@executable_path/../Frameworks", );
				PRODUCT_BUNDLE_IDENTIFIER = me.tylercross.transorma;
				PRODUCT_NAME = "$(TARGET_NAME)";
				SWIFT_EMIT_LOC_STRINGS = YES;
			};
			name = Debug;
		};
		AD0000000000000000000102 = {
			isa = XCBuildConfiguration;
			buildSettings = {
				ASSETCATALOG_COMPILER_APPICON_NAME = AppIcon;
				ASSETCATALOG_COMPILER_GLOBAL_ACCENT_COLOR_NAME = AccentColor;
				TRANSORMA_ENTITLEMENTS = App/Resources/Transorma.entitlements;
				ENABLE_HARDENED_RUNTIME = YES;
				ENABLE_APP_SANDBOX = YES;
				ENABLE_OUTGOING_NETWORK_CONNECTIONS = YES;
				ENABLE_PREVIEWS = YES;
				INFOPLIST_KEY_CFBundleDisplayName = Transorma;
				INFOPLIST_KEY_LSApplicationCategoryType = "public.app-category.productivity";
				LD_RUNPATH_SEARCH_PATHS = ("$(inherited)", "@executable_path/../Frameworks", );
				PRODUCT_BUNDLE_IDENTIFIER = me.tylercross.transorma;
				PRODUCT_NAME = "$(TARGET_NAME)";
				SWIFT_EMIT_LOC_STRINGS = YES;
			};
			name = Release;
		};
		AD0000000000000000000200 = {
			isa = XCBuildConfiguration;
			buildSettings = {
				APPLICATION_EXTENSION_API_ONLY = YES;
				TRANSORMA_ENTITLEMENTS = TransormaMailExtension/Resources/TransormaMailExtension.entitlements;
				ASSETCATALOG_COMPILER_APPICON_NAME = AppIcon;
				ENABLE_HARDENED_RUNTIME = YES;
				ENABLE_APP_SANDBOX = YES;
				ENABLE_OUTGOING_NETWORK_CONNECTIONS = YES;
				INFOPLIST_FILE = TransormaMailExtension/Resources/Info.plist;
				INFOPLIST_KEY_CFBundleDisplayName = Transorma;
				LD_RUNPATH_SEARCH_PATHS = ("$(inherited)", "@executable_path/../Frameworks", "@executable_path/../../../../Frameworks", );
				PRODUCT_BUNDLE_IDENTIFIER = me.tylercross.transorma.mailextension;
				PRODUCT_NAME = "$(TARGET_NAME)";
				SKIP_INSTALL = YES;
				SWIFT_EMIT_LOC_STRINGS = YES;
			};
			name = Development;
		};
		AD0000000000000000000201 = {
			isa = XCBuildConfiguration;
			buildSettings = {
				APPLICATION_EXTENSION_API_ONLY = YES;
				TRANSORMA_ENTITLEMENTS = TransormaMailExtension/Resources/TransormaMailExtension.entitlements;
				ASSETCATALOG_COMPILER_APPICON_NAME = AppIcon;
				ENABLE_HARDENED_RUNTIME = YES;
				ENABLE_APP_SANDBOX = YES;
				ENABLE_OUTGOING_NETWORK_CONNECTIONS = YES;
				INFOPLIST_FILE = TransormaMailExtension/Resources/Info.plist;
				INFOPLIST_KEY_CFBundleDisplayName = Transorma;
				LD_RUNPATH_SEARCH_PATHS = ("$(inherited)", "@executable_path/../Frameworks", "@executable_path/../../../../Frameworks", );
				PRODUCT_BUNDLE_IDENTIFIER = me.tylercross.transorma.mailextension;
				PRODUCT_NAME = "$(TARGET_NAME)";
				SKIP_INSTALL = YES;
				SWIFT_EMIT_LOC_STRINGS = YES;
			};
			name = Debug;
		};
		AD0000000000000000000202 = {
			isa = XCBuildConfiguration;
			buildSettings = {
				APPLICATION_EXTENSION_API_ONLY = YES;
				TRANSORMA_ENTITLEMENTS = TransormaMailExtension/Resources/TransormaMailExtension.entitlements;
				ASSETCATALOG_COMPILER_APPICON_NAME = AppIcon;
				ENABLE_HARDENED_RUNTIME = YES;
				ENABLE_APP_SANDBOX = YES;
				ENABLE_OUTGOING_NETWORK_CONNECTIONS = YES;
				INFOPLIST_FILE = TransormaMailExtension/Resources/Info.plist;
				INFOPLIST_KEY_CFBundleDisplayName = Transorma;
				LD_RUNPATH_SEARCH_PATHS = ("$(inherited)", "@executable_path/../Frameworks", "@executable_path/../../../../Frameworks", );
				PRODUCT_BUNDLE_IDENTIFIER = me.tylercross.transorma.mailextension;
				PRODUCT_NAME = "$(TARGET_NAME)";
				SKIP_INSTALL = YES;
				SWIFT_EMIT_LOC_STRINGS = YES;
			};
			name = Release;
		};
		AD0000000000000000000300 = {
			isa = XCBuildConfiguration;
			buildSettings = {
				PRODUCT_BUNDLE_IDENTIFIER = me.tylercross.transorma.coretests;
				PRODUCT_NAME = "$(TARGET_NAME)";
			};
			name = Development;
		};
		AD0000000000000000000301 = {
			isa = XCBuildConfiguration;
			buildSettings = {
				PRODUCT_BUNDLE_IDENTIFIER = me.tylercross.transorma.coretests;
				PRODUCT_NAME = "$(TARGET_NAME)";
			};
			name = Debug;
		};
		AD0000000000000000000302 = {
			isa = XCBuildConfiguration;
			buildSettings = {
				PRODUCT_BUNDLE_IDENTIFIER = me.tylercross.transorma.coretests;
				PRODUCT_NAME = "$(TARGET_NAME)";
			};
			name = Release;
		};
		AD0000000000000000000400 = {
			isa = XCBuildConfiguration;
			buildSettings = {
				PRODUCT_BUNDLE_IDENTIFIER = me.tylercross.transorma.modeltests;
				PRODUCT_NAME = "$(TARGET_NAME)";
				BUNDLE_LOADER = "$(TEST_HOST)";
				TEST_HOST = "$(BUILT_PRODUCTS_DIR)/Transorma.app/Contents/MacOS/Transorma";
			};
			name = Development;
		};
		AD0000000000000000000401 = {
			isa = XCBuildConfiguration;
			buildSettings = {
				PRODUCT_BUNDLE_IDENTIFIER = me.tylercross.transorma.modeltests;
				PRODUCT_NAME = "$(TARGET_NAME)";
				BUNDLE_LOADER = "$(TEST_HOST)";
				TEST_HOST = "$(BUILT_PRODUCTS_DIR)/Transorma.app/Contents/MacOS/Transorma";
			};
			name = Debug;
		};
		AD0000000000000000000402 = {
			isa = XCBuildConfiguration;
			buildSettings = {
				PRODUCT_BUNDLE_IDENTIFIER = me.tylercross.transorma.modeltests;
				PRODUCT_NAME = "$(TARGET_NAME)";
				BUNDLE_LOADER = "$(TEST_HOST)";
				TEST_HOST = "$(BUILT_PRODUCTS_DIR)/Transorma.app/Contents/MacOS/Transorma";
			};
			name = Release;
		};
		AD0000000000000000000500 = {
			isa = XCBuildConfiguration;
			buildSettings = {
				PRODUCT_BUNDLE_IDENTIFIER = me.tylercross.transormaUITests;
				PRODUCT_NAME = "$(TARGET_NAME)";
				TEST_TARGET_NAME = Transorma;
			};
			name = Development;
		};
		AD0000000000000000000501 = {
			isa = XCBuildConfiguration;
			buildSettings = {
				PRODUCT_BUNDLE_IDENTIFIER = me.tylercross.transormaUITests;
				PRODUCT_NAME = "$(TARGET_NAME)";
				TEST_TARGET_NAME = Transorma;
			};
			name = Debug;
		};
		AD0000000000000000000502 = {
			isa = XCBuildConfiguration;
			buildSettings = {
				PRODUCT_BUNDLE_IDENTIFIER = me.tylercross.transormaUITests;
				PRODUCT_NAME = "$(TARGET_NAME)";
				TEST_TARGET_NAME = Transorma;
			};
			name = Release;
		};
/* End XCBuildConfiguration section */

/* Begin XCConfigurationList section */
		4F6BAEAD2E441749000D192D = {
			isa = XCConfigurationList;
			defaultConfigurationIsVisible = 0;
			defaultConfigurationName = Release;
			buildConfigurations = (AD0000000000000000000200, AD0000000000000000000201, AD0000000000000000000202, );
		};
		AB0000000000000000000007 = {
			isa = XCConfigurationList;
			defaultConfigurationIsVisible = 0;
			defaultConfigurationName = Release;
			buildConfigurations = (AD0000000000000000000300, AD0000000000000000000301, AD0000000000000000000302, );
		};
		4F6BAE5D2E44171E000D192D = {
			isa = XCConfigurationList;
			defaultConfigurationIsVisible = 0;
			defaultConfigurationName = Release;
			buildConfigurations = (AD0000000000000000000000, AD0000000000000000000001, AD0000000000000000000002, );
		};
		4F6BAE8A2E44171F000D192D = {
			isa = XCConfigurationList;
			defaultConfigurationIsVisible = 0;
			defaultConfigurationName = Release;
			buildConfigurations = (AD0000000000000000000500, AD0000000000000000000501, AD0000000000000000000502, );
		};
		4F6BAE842E44171F000D192D = {
			isa = XCConfigurationList;
			defaultConfigurationIsVisible = 0;
			defaultConfigurationName = Release;
			buildConfigurations = (AD0000000000000000000100, AD0000000000000000000101, AD0000000000000000000102, );
		};
		AC0000000000000000000025 = {
			isa = XCConfigurationList;
			buildConfigurations = (AD0000000000000000000400, AD0000000000000000000401, AD0000000000000000000402, );
			defaultConfigurationIsVisible = 0;
			defaultConfigurationName = Release;
		};
/* End XCConfigurationList section */

/* Begin XCLocalSwiftPackageReference section */
		AA0000000000000000000021 = {
			isa = XCLocalSwiftPackageReference;
			relativePath = .;
		};
/* End XCLocalSwiftPackageReference section */

/* Begin XCSwiftPackageProductDependency section */
		AA0000000000000000000011 = {
			isa = XCSwiftPackageProductDependency;
			productName = TransormaCore;
		};
		AA0000000000000000000012 = {
			isa = XCSwiftPackageProductDependency;
			productName = TransormaCore;
		};
		AB0000000000000000000002 = {
			isa = XCSwiftPackageProductDependency;
			productName = TransormaCore;
		};
		AC0000000000000000000027 = {
			isa = XCSwiftPackageProductDependency;
			productName = TransormaCore;
		};
/* End XCSwiftPackageProductDependency section */
	};
	rootObject = 4F6BAE5A2E44171E000D192D;
}
